
Microsoft Visual Studio Solution File, Format Version 12.00
# Visual Studio Version 16
VisualStudioVersion = 16.0.30225.117
MinimumVisualStudioVersion = 10.0.40219.1
Project("{FAE04EC0-301F-11D3-BF4B-00C04F79EFBC}") = "Assignment1", "Assignment1\Assignment1.csproj", "{051863D4-94F1-4179-B9B2-E53AECBB4415}"
EndProject
Global
	GlobalSection(SolutionConfigurationPlatforms) = preSolution
		Debug|Any CPU = Debug|Any CPU
		Release|Any CPU = Release|Any CPU
	EndGlobalSection
	GlobalSection(ProjectConfigurationPlatforms) = postSolution
		{051863D4-94F1-4179-B9B2-E53AECBB4415}.Debug|Any CPU.ActiveCfg = Debug|Any CPU
		{051863D4-94F1-4179-B9B2-E53AECBB4415}.Debug|Any CPU.Build.0 = Debug|Any CPU
		{051863D4-94F1-4179-B9B2-E53AECBB4415}.Release|Any CPU.ActiveCfg = Release|Any CPU
		{051863D4-94F1-4179-B9B2-E53AECBB4415}.Release|Any CPU.Build.0 = Release|Any CPU
	EndGlobalSection
	GlobalSection(SolutionProperties) = preSolution
		HideSolutionNode = FALSE
	EndGlobalSection
	GlobalSection(ExtensibilityGlobals) = postSolution
		SolutionGuid = {91BAEB50-7E9E-4393-AF5A-C7BF6A3D3F54}
	EndGlobalSection
EndGlobal
